
Microsoft Visual Studio Solution File, Format Version 12.00
# Visual Studio 15
VisualStudioVersion = 15.0.27703.2042
MinimumVisualStudioVersion = 10.0.40219.1
Project("{FAE04EC0-301F-11D3-BF4B-00C04F79EFBC}") = "EfLoadingTypesLesson", "EfLoadingTypesLesson\EfLoadingTypesLesson.csproj", "{5DF897D1-E125-47CA-948C-9880B3F259B0}"
EndProject
Global
	GlobalSection(SolutionConfigurationPlatforms) = preSolution
		Debug|Any CPU = Debug|Any CPU
		Release|Any CPU = Release|Any CPU
	EndGlobalSection
	GlobalSection(ProjectConfigurationPlatforms) = postSolution
		{5DF897D1-E125-47CA-948C-9880B3F259B0}.Debug|Any CPU.ActiveCfg = Debug|Any CPU
		{5DF897D1-E125-47CA-948C-9880B3F259B0}.Debug|Any CPU.Build.0 = Debug|Any CPU
		{5DF897D1-E125-47CA-948C-9880B3F259B0}.Release|Any CPU.ActiveCfg = Release|Any CPU
		{5DF897D1-E125-47CA-948C-9880B3F259B0}.Release|Any CPU.Build.0 = Release|Any CPU
	EndGlobalSection
	GlobalSection(SolutionProperties) = preSolution
		HideSolutionNode = FALSE
	EndGlobalSection
	GlobalSection(ExtensibilityGlobals) = postSolution
		SolutionGuid = {4074E8E1-C56A-4C78-B28F-05E4F92F8490}
	EndGlobalSection
EndGlobal
