
Microsoft Visual Studio Solution File, Format Version 12.00
# Visual Studio 15
VisualStudioVersion = 15.0.27703.2042
MinimumVisualStudioVersion = 10.0.40219.1
Project("{FAE04EC0-301F-11D3-BF4B-00C04F79EFBC}") = "HomeWork05_05_19.WinForm", "HomeWork05_05_19.WinForm\HomeWork05_05_19.WinForm.csproj", "{F6E180C0-6E76-4D49-93D2-94A8B827A3D0}"
EndProject
Project("{FAE04EC0-301F-11D3-BF4B-00C04F79EFBC}") = "HomeWork05_05_19.Models", "HomeWork05_05_19.Models\HomeWork05_05_19.Models.csproj", "{3A6A280A-659D-4BA9-83D0-D848639E5884}"
EndProject
Project("{FAE04EC0-301F-11D3-BF4B-00C04F79EFBC}") = "HomeWork05_05_19.AbstractModels", "HomeWork05_05_19.AbstractModels\HomeWork05_05_19.AbstractModels.csproj", "{1E0A7CF6-CC15-4CD1-9764-6F3DD930F26E}"
EndProject
Project("{FAE04EC0-301F-11D3-BF4B-00C04F79EFBC}") = "HomeWork05_05_19.DataAccess", "HomeWork05_05_19.DataAccess\HomeWork05_05_19.DataAccess.csproj", "{52F890AF-5FEA-4D31-BEAA-EB1EC8B8C352}"
EndProject
Project("{FAE04EC0-301F-11D3-BF4B-00C04F79EFBC}") = "HomeWork05_05_19.Services", "HomeWork05_05_19.Services\HomeWork05_05_19.Services.csproj", "{5F2557FA-C420-46F8-8E0C-8CBA664A7E2D}"
EndProject
Global
	GlobalSection(SolutionConfigurationPlatforms) = preSolution
		Debug|Any CPU = Debug|Any CPU
		Release|Any CPU = Release|Any CPU
	EndGlobalSection
	GlobalSection(ProjectConfigurationPlatforms) = postSolution
		{F6E180C0-6E76-4D49-93D2-94A8B827A3D0}.Debug|Any CPU.ActiveCfg = Debug|Any CPU
		{F6E180C0-6E76-4D49-93D2-94A8B827A3D0}.Debug|Any CPU.Build.0 = Debug|Any CPU
		{F6E180C0-6E76-4D49-93D2-94A8B827A3D0}.Release|Any CPU.ActiveCfg = Release|Any CPU
		{F6E180C0-6E76-4D49-93D2-94A8B827A3D0}.Release|Any CPU.Build.0 = Release|Any CPU
		{3A6A280A-659D-4BA9-83D0-D848639E5884}.Debug|Any CPU.ActiveCfg = Debug|Any CPU
		{3A6A280A-659D-4BA9-83D0-D848639E5884}.Debug|Any CPU.Build.0 = Debug|Any CPU
		{3A6A280A-659D-4BA9-83D0-D848639E5884}.Release|Any CPU.ActiveCfg = Release|Any CPU
		{3A6A280A-659D-4BA9-83D0-D848639E5884}.Release|Any CPU.Build.0 = Release|Any CPU
		{1E0A7CF6-CC15-4CD1-9764-6F3DD930F26E}.Debug|Any CPU.ActiveCfg = Debug|Any CPU
		{1E0A7CF6-CC15-4CD1-9764-6F3DD930F26E}.Debug|Any CPU.Build.0 = Debug|Any CPU
		{1E0A7CF6-CC15-4CD1-9764-6F3DD930F26E}.Release|Any CPU.ActiveCfg = Release|Any CPU
		{1E0A7CF6-CC15-4CD1-9764-6F3DD930F26E}.Release|Any CPU.Build.0 = Release|Any CPU
		{52F890AF-5FEA-4D31-BEAA-EB1EC8B8C352}.Debug|Any CPU.ActiveCfg = Debug|Any CPU
		{52F890AF-5FEA-4D31-BEAA-EB1EC8B8C352}.Debug|Any CPU.Build.0 = Debug|Any CPU
		{52F890AF-5FEA-4D31-BEAA-EB1EC8B8C352}.Release|Any CPU.ActiveCfg = Release|Any CPU
		{52F890AF-5FEA-4D31-BEAA-EB1EC8B8C352}.Release|Any CPU.Build.0 = Release|Any CPU
		{5F2557FA-C420-46F8-8E0C-8CBA664A7E2D}.Debug|Any CPU.ActiveCfg = Debug|Any CPU
		{5F2557FA-C420-46F8-8E0C-8CBA664A7E2D}.Debug|Any CPU.Build.0 = Debug|Any CPU
		{5F2557FA-C420-46F8-8E0C-8CBA664A7E2D}.Release|Any CPU.ActiveCfg = Release|Any CPU
		{5F2557FA-C420-46F8-8E0C-8CBA664A7E2D}.Release|Any CPU.Build.0 = Release|Any CPU
	EndGlobalSection
	GlobalSection(SolutionProperties) = preSolution
		HideSolutionNode = FALSE
	EndGlobalSection
	GlobalSection(ExtensibilityGlobals) = postSolution
		SolutionGuid = {2C530EC2-98F7-437C-B6A8-99EC886DA785}
	EndGlobalSection
EndGlobal
