
Microsoft Visual Studio Solution File, Format Version 12.00
# Visual Studio 15
VisualStudioVersion = 15.0.27703.2042
MinimumVisualStudioVersion = 10.0.40219.1
Project("{FAE04EC0-301F-11D3-BF4B-00C04F79EFBC}") = "IOLesson", "IOLesson\IOLesson.csproj", "{810B5E3A-AC51-476A-823D-F739794CDBEE}"
EndProject
Global
	GlobalSection(SolutionConfigurationPlatforms) = preSolution
		Debug|Any CPU = Debug|Any CPU
		Release|Any CPU = Release|Any CPU
	EndGlobalSection
	GlobalSection(ProjectConfigurationPlatforms) = postSolution
		{810B5E3A-AC51-476A-823D-F739794CDBEE}.Debug|Any CPU.ActiveCfg = Debug|Any CPU
		{810B5E3A-AC51-476A-823D-F739794CDBEE}.Debug|Any CPU.Build.0 = Debug|Any CPU
		{810B5E3A-AC51-476A-823D-F739794CDBEE}.Release|Any CPU.ActiveCfg = Release|Any CPU
		{810B5E3A-AC51-476A-823D-F739794CDBEE}.Release|Any CPU.Build.0 = Release|Any CPU
	EndGlobalSection
	GlobalSection(SolutionProperties) = preSolution
		HideSolutionNode = FALSE
	EndGlobalSection
	GlobalSection(ExtensibilityGlobals) = postSolution
		SolutionGuid = {D5F30D09-CE65-43B4-9EFD-6957F6D04BEE}
	EndGlobalSection
EndGlobal
