
Microsoft Visual Studio Solution File, Format Version 12.00
# Visual Studio 15
VisualStudioVersion = 15.0.27703.2042
MinimumVisualStudioVersion = 10.0.40219.1
Project("{FAE04EC0-301F-11D3-BF4B-00C04F79EFBC}") = "PracticeWork16_03_19", "PracticeWork16_03_19\PracticeWork16_03_19.csproj", "{BDDA1895-FDB6-4F79-BD13-45A60055EA25}"
EndProject
Global
	GlobalSection(SolutionConfigurationPlatforms) = preSolution
		Debug|Any CPU = Debug|Any CPU
		Release|Any CPU = Release|Any CPU
	EndGlobalSection
	GlobalSection(ProjectConfigurationPlatforms) = postSolution
		{BDDA1895-FDB6-4F79-BD13-45A60055EA25}.Debug|Any CPU.ActiveCfg = Debug|Any CPU
		{BDDA1895-FDB6-4F79-BD13-45A60055EA25}.Debug|Any CPU.Build.0 = Debug|Any CPU
		{BDDA1895-FDB6-4F79-BD13-45A60055EA25}.Release|Any CPU.ActiveCfg = Release|Any CPU
		{BDDA1895-FDB6-4F79-BD13-45A60055EA25}.Release|Any CPU.Build.0 = Release|Any CPU
	EndGlobalSection
	GlobalSection(SolutionProperties) = preSolution
		HideSolutionNode = FALSE
	EndGlobalSection
	GlobalSection(ExtensibilityGlobals) = postSolution
		SolutionGuid = {51CD3786-41A8-4E6A-AFD1-0A660C9FA485}
	EndGlobalSection
EndGlobal
