
Microsoft Visual Studio Solution File, Format Version 12.00
# Visual Studio 15
VisualStudioVersion = 15.0.27703.2042
MinimumVisualStudioVersion = 10.0.40219.1
Project("{FAE04EC0-301F-11D3-BF4B-00C04F79EFBC}") = "Student.ConsoleApp", "Student.ConsoleApp\Student.ConsoleApp.csproj", "{B3B2E527-DDDD-46DF-84AD-DCA0D9062FAF}"
EndProject
Global
	GlobalSection(SolutionConfigurationPlatforms) = preSolution
		Debug|Any CPU = Debug|Any CPU
		Release|Any CPU = Release|Any CPU
	EndGlobalSection
	GlobalSection(ProjectConfigurationPlatforms) = postSolution
		{B3B2E527-DDDD-46DF-84AD-DCA0D9062FAF}.Debug|Any CPU.ActiveCfg = Debug|Any CPU
		{B3B2E527-DDDD-46DF-84AD-DCA0D9062FAF}.Debug|Any CPU.Build.0 = Debug|Any CPU
		{B3B2E527-DDDD-46DF-84AD-DCA0D9062FAF}.Release|Any CPU.ActiveCfg = Release|Any CPU
		{B3B2E527-DDDD-46DF-84AD-DCA0D9062FAF}.Release|Any CPU.Build.0 = Release|Any CPU
	EndGlobalSection
	GlobalSection(SolutionProperties) = preSolution
		HideSolutionNode = FALSE
	EndGlobalSection
	GlobalSection(ExtensibilityGlobals) = postSolution
		SolutionGuid = {F8F8064F-A474-4DAD-9611-3CB106F0E79C}
	EndGlobalSection
EndGlobal
