
Microsoft Visual Studio Solution File, Format Version 12.00
# Visual Studio 15
VisualStudioVersion = 15.0.27703.2042
MinimumVisualStudioVersion = 10.0.40219.1
Project("{FAE04EC0-301F-11D3-BF4B-00C04F79EFBC}") = "HomeWork29_04_19.ConsoleApp", "HomeWork29_04_19.ConsoleApp\HomeWork29_04_19.ConsoleApp.csproj", "{49ED2F4E-5069-4B70-989C-1B6840822CFE}"
EndProject
Project("{FAE04EC0-301F-11D3-BF4B-00C04F79EFBC}") = "HomeWork29_04_19.Models", "HomeWork29_04_19.Models\HomeWork29_04_19.Models.csproj", "{0F66051F-7A1C-4258-A70D-56DD8779DE96}"
EndProject
Project("{FAE04EC0-301F-11D3-BF4B-00C04F79EFBC}") = "HomeWork29_04_19.AbstractModels", "HomeWork29_04_19.AbstractModels\HomeWork29_04_19.AbstractModels.csproj", "{B29A9C33-D011-49E1-8E91-AFAF435233C9}"
EndProject
Project("{FAE04EC0-301F-11D3-BF4B-00C04F79EFBC}") = "HomeWork29_04_19.Services", "HomeWork29_04_19.Services\HomeWork29_04_19.Services.csproj", "{34559AE8-860F-4154-8D9F-542D7621FA1E}"
EndProject
Project("{FAE04EC0-301F-11D3-BF4B-00C04F79EFBC}") = "HomeWork29_04_19.DataAccess", "HomeWork29_04_19.DataAccess\HomeWork29_04_19.DataAccess.csproj", "{33E26A4A-7552-46B8-8D02-8EBB6BD838D7}"
EndProject
Global
	GlobalSection(SolutionConfigurationPlatforms) = preSolution
		Debug|Any CPU = Debug|Any CPU
		Release|Any CPU = Release|Any CPU
	EndGlobalSection
	GlobalSection(ProjectConfigurationPlatforms) = postSolution
		{49ED2F4E-5069-4B70-989C-1B6840822CFE}.Debug|Any CPU.ActiveCfg = Debug|Any CPU
		{49ED2F4E-5069-4B70-989C-1B6840822CFE}.Debug|Any CPU.Build.0 = Debug|Any CPU
		{49ED2F4E-5069-4B70-989C-1B6840822CFE}.Release|Any CPU.ActiveCfg = Release|Any CPU
		{49ED2F4E-5069-4B70-989C-1B6840822CFE}.Release|Any CPU.Build.0 = Release|Any CPU
		{0F66051F-7A1C-4258-A70D-56DD8779DE96}.Debug|Any CPU.ActiveCfg = Debug|Any CPU
		{0F66051F-7A1C-4258-A70D-56DD8779DE96}.Debug|Any CPU.Build.0 = Debug|Any CPU
		{0F66051F-7A1C-4258-A70D-56DD8779DE96}.Release|Any CPU.ActiveCfg = Release|Any CPU
		{0F66051F-7A1C-4258-A70D-56DD8779DE96}.Release|Any CPU.Build.0 = Release|Any CPU
		{B29A9C33-D011-49E1-8E91-AFAF435233C9}.Debug|Any CPU.ActiveCfg = Debug|Any CPU
		{B29A9C33-D011-49E1-8E91-AFAF435233C9}.Debug|Any CPU.Build.0 = Debug|Any CPU
		{B29A9C33-D011-49E1-8E91-AFAF435233C9}.Release|Any CPU.ActiveCfg = Release|Any CPU
		{B29A9C33-D011-49E1-8E91-AFAF435233C9}.Release|Any CPU.Build.0 = Release|Any CPU
		{34559AE8-860F-4154-8D9F-542D7621FA1E}.Debug|Any CPU.ActiveCfg = Debug|Any CPU
		{34559AE8-860F-4154-8D9F-542D7621FA1E}.Debug|Any CPU.Build.0 = Debug|Any CPU
		{34559AE8-860F-4154-8D9F-542D7621FA1E}.Release|Any CPU.ActiveCfg = Release|Any CPU
		{34559AE8-860F-4154-8D9F-542D7621FA1E}.Release|Any CPU.Build.0 = Release|Any CPU
		{33E26A4A-7552-46B8-8D02-8EBB6BD838D7}.Debug|Any CPU.ActiveCfg = Debug|Any CPU
		{33E26A4A-7552-46B8-8D02-8EBB6BD838D7}.Debug|Any CPU.Build.0 = Debug|Any CPU
		{33E26A4A-7552-46B8-8D02-8EBB6BD838D7}.Release|Any CPU.ActiveCfg = Release|Any CPU
		{33E26A4A-7552-46B8-8D02-8EBB6BD838D7}.Release|Any CPU.Build.0 = Release|Any CPU
	EndGlobalSection
	GlobalSection(SolutionProperties) = preSolution
		HideSolutionNode = FALSE
	EndGlobalSection
	GlobalSection(ExtensibilityGlobals) = postSolution
		SolutionGuid = {D5F4F389-9989-4758-99FB-94A176ACCBED}
	EndGlobalSection
EndGlobal
