
Microsoft Visual Studio Solution File, Format Version 12.00
# Visual Studio 15
VisualStudioVersion = 15.0.27703.2042
MinimumVisualStudioVersion = 10.0.40219.1
Project("{FAE04EC0-301F-11D3-BF4B-00C04F79EFBC}") = "DapperStudents.ConsoleApp", "DapperStudents.ConsoleApp\DapperStudents.ConsoleApp.csproj", "{B7F24278-3987-4354-85DA-5BCC9A3834B0}"
EndProject
Project("{FAE04EC0-301F-11D3-BF4B-00C04F79EFBC}") = "DapperStudents.Models", "DapperStudents.Models\DapperStudents.Models.csproj", "{75372807-80B7-4460-BEF4-3CDD6D268DD7}"
EndProject
Project("{FAE04EC0-301F-11D3-BF4B-00C04F79EFBC}") = "DapperStudents.DataAccess", "DapperStudents.DataAccess\DapperStudents.DataAccess.csproj", "{BDA08043-3C3A-43F8-A888-6B2A975D71A9}"
EndProject
Project("{FAE04EC0-301F-11D3-BF4B-00C04F79EFBC}") = "DapperStudents.Services", "DapperStudents.Services\DapperStudents.Services.csproj", "{682CEE6E-09FB-438E-8FF7-8F34A15087DC}"
EndProject
Project("{FAE04EC0-301F-11D3-BF4B-00C04F79EFBC}") = "DapperStudents.ConstantsAndEnums", "DapperStudents.ConstantsAndEnums\DapperStudents.ConstantsAndEnums.csproj", "{6254B9CB-AF85-47FF-BA73-02108C2BC5F9}"
EndProject
Global
	GlobalSection(SolutionConfigurationPlatforms) = preSolution
		Debug|Any CPU = Debug|Any CPU
		Release|Any CPU = Release|Any CPU
	EndGlobalSection
	GlobalSection(ProjectConfigurationPlatforms) = postSolution
		{B7F24278-3987-4354-85DA-5BCC9A3834B0}.Debug|Any CPU.ActiveCfg = Debug|Any CPU
		{B7F24278-3987-4354-85DA-5BCC9A3834B0}.Debug|Any CPU.Build.0 = Debug|Any CPU
		{B7F24278-3987-4354-85DA-5BCC9A3834B0}.Release|Any CPU.ActiveCfg = Release|Any CPU
		{B7F24278-3987-4354-85DA-5BCC9A3834B0}.Release|Any CPU.Build.0 = Release|Any CPU
		{75372807-80B7-4460-BEF4-3CDD6D268DD7}.Debug|Any CPU.ActiveCfg = Debug|Any CPU
		{75372807-80B7-4460-BEF4-3CDD6D268DD7}.Debug|Any CPU.Build.0 = Debug|Any CPU
		{75372807-80B7-4460-BEF4-3CDD6D268DD7}.Release|Any CPU.ActiveCfg = Release|Any CPU
		{75372807-80B7-4460-BEF4-3CDD6D268DD7}.Release|Any CPU.Build.0 = Release|Any CPU
		{BDA08043-3C3A-43F8-A888-6B2A975D71A9}.Debug|Any CPU.ActiveCfg = Debug|Any CPU
		{BDA08043-3C3A-43F8-A888-6B2A975D71A9}.Debug|Any CPU.Build.0 = Debug|Any CPU
		{BDA08043-3C3A-43F8-A888-6B2A975D71A9}.Release|Any CPU.ActiveCfg = Release|Any CPU
		{BDA08043-3C3A-43F8-A888-6B2A975D71A9}.Release|Any CPU.Build.0 = Release|Any CPU
		{682CEE6E-09FB-438E-8FF7-8F34A15087DC}.Debug|Any CPU.ActiveCfg = Debug|Any CPU
		{682CEE6E-09FB-438E-8FF7-8F34A15087DC}.Debug|Any CPU.Build.0 = Debug|Any CPU
		{682CEE6E-09FB-438E-8FF7-8F34A15087DC}.Release|Any CPU.ActiveCfg = Release|Any CPU
		{682CEE6E-09FB-438E-8FF7-8F34A15087DC}.Release|Any CPU.Build.0 = Release|Any CPU
		{6254B9CB-AF85-47FF-BA73-02108C2BC5F9}.Debug|Any CPU.ActiveCfg = Debug|Any CPU
		{6254B9CB-AF85-47FF-BA73-02108C2BC5F9}.Debug|Any CPU.Build.0 = Debug|Any CPU
		{6254B9CB-AF85-47FF-BA73-02108C2BC5F9}.Release|Any CPU.ActiveCfg = Release|Any CPU
		{6254B9CB-AF85-47FF-BA73-02108C2BC5F9}.Release|Any CPU.Build.0 = Release|Any CPU
	EndGlobalSection
	GlobalSection(SolutionProperties) = preSolution
		HideSolutionNode = FALSE
	EndGlobalSection
	GlobalSection(ExtensibilityGlobals) = postSolution
		SolutionGuid = {83321822-A7D0-4E94-AD21-F67374F45C36}
	EndGlobalSection
EndGlobal
