
Microsoft Visual Studio Solution File, Format Version 12.00
# Visual Studio 15
VisualStudioVersion = 15.0.27703.2042
MinimumVisualStudioVersion = 10.0.40219.1
Project("{FAE04EC0-301F-11D3-BF4B-00C04F79EFBC}") = "NewTopic10_01_19", "NewTopic10_01_19\NewTopic10_01_19.csproj", "{95DE488B-E7C8-4D9D-BAAA-3E360C3D5F27}"
EndProject
Global
	GlobalSection(SolutionConfigurationPlatforms) = preSolution
		Debug|Any CPU = Debug|Any CPU
		Release|Any CPU = Release|Any CPU
	EndGlobalSection
	GlobalSection(ProjectConfigurationPlatforms) = postSolution
		{95DE488B-E7C8-4D9D-BAAA-3E360C3D5F27}.Debug|Any CPU.ActiveCfg = Debug|Any CPU
		{95DE488B-E7C8-4D9D-BAAA-3E360C3D5F27}.Debug|Any CPU.Build.0 = Debug|Any CPU
		{95DE488B-E7C8-4D9D-BAAA-3E360C3D5F27}.Release|Any CPU.ActiveCfg = Release|Any CPU
		{95DE488B-E7C8-4D9D-BAAA-3E360C3D5F27}.Release|Any CPU.Build.0 = Release|Any CPU
	EndGlobalSection
	GlobalSection(SolutionProperties) = preSolution
		HideSolutionNode = FALSE
	EndGlobalSection
	GlobalSection(ExtensibilityGlobals) = postSolution
		SolutionGuid = {336D8DEB-2576-43B1-B9D6-6DF143B53E54}
	EndGlobalSection
EndGlobal
