
Microsoft Visual Studio Solution File, Format Version 12.00
# Visual Studio 15
VisualStudioVersion = 15.0.27703.2042
MinimumVisualStudioVersion = 10.0.40219.1
Project("{FAE04EC0-301F-11D3-BF4B-00C04F79EFBC}") = "DbUpLesson.ConsoleApp", "DbUpLesson.ConsoleApp\DbUpLesson.ConsoleApp.csproj", "{9B8554F5-AEE1-45D5-8522-7519B3E2E282}"
EndProject
Global
	GlobalSection(SolutionConfigurationPlatforms) = preSolution
		Debug|Any CPU = Debug|Any CPU
		Release|Any CPU = Release|Any CPU
	EndGlobalSection
	GlobalSection(ProjectConfigurationPlatforms) = postSolution
		{9B8554F5-AEE1-45D5-8522-7519B3E2E282}.Debug|Any CPU.ActiveCfg = Debug|Any CPU
		{9B8554F5-AEE1-45D5-8522-7519B3E2E282}.Debug|Any CPU.Build.0 = Debug|Any CPU
		{9B8554F5-AEE1-45D5-8522-7519B3E2E282}.Release|Any CPU.ActiveCfg = Release|Any CPU
		{9B8554F5-AEE1-45D5-8522-7519B3E2E282}.Release|Any CPU.Build.0 = Release|Any CPU
	EndGlobalSection
	GlobalSection(SolutionProperties) = preSolution
		HideSolutionNode = FALSE
	EndGlobalSection
	GlobalSection(ExtensibilityGlobals) = postSolution
		SolutionGuid = {1640E663-4A2D-466A-9EEA-5327F67CFDF1}
	EndGlobalSection
EndGlobal
