
Microsoft Visual Studio Solution File, Format Version 12.00
# Visual Studio 15
VisualStudioVersion = 15.0.27703.2042
MinimumVisualStudioVersion = 10.0.40219.1
Project("{FAE04EC0-301F-11D3-BF4B-00C04F79EFBC}") = "HarryPotter", "HarryPotter\HarryPotter.csproj", "{A3D3BD06-64BD-4224-8D98-B81AA3F9D028}"
EndProject
Global
	GlobalSection(SolutionConfigurationPlatforms) = preSolution
		Debug|Any CPU = Debug|Any CPU
		Release|Any CPU = Release|Any CPU
	EndGlobalSection
	GlobalSection(ProjectConfigurationPlatforms) = postSolution
		{A3D3BD06-64BD-4224-8D98-B81AA3F9D028}.Debug|Any CPU.ActiveCfg = Debug|Any CPU
		{A3D3BD06-64BD-4224-8D98-B81AA3F9D028}.Debug|Any CPU.Build.0 = Debug|Any CPU
		{A3D3BD06-64BD-4224-8D98-B81AA3F9D028}.Release|Any CPU.ActiveCfg = Release|Any CPU
		{A3D3BD06-64BD-4224-8D98-B81AA3F9D028}.Release|Any CPU.Build.0 = Release|Any CPU
	EndGlobalSection
	GlobalSection(SolutionProperties) = preSolution
		HideSolutionNode = FALSE
	EndGlobalSection
	GlobalSection(ExtensibilityGlobals) = postSolution
		SolutionGuid = {6291E0ED-017A-415D-A79E-6DE9740703E9}
	EndGlobalSection
EndGlobal
