
Microsoft Visual Studio Solution File, Format Version 12.00
# Visual Studio 15
VisualStudioVersion = 15.0.27703.2042
MinimumVisualStudioVersion = 10.0.40219.1
Project("{FAE04EC0-301F-11D3-BF4B-00C04F79EFBC}") = "Earthquakes.ConsoleApp", "EarthquakesApp.ConsoleApp\Earthquakes.ConsoleApp.csproj", "{B4C03FD2-F757-44CC-AD09-D7171B611EAD}"
EndProject
Project("{FAE04EC0-301F-11D3-BF4B-00C04F79EFBC}") = "Earthquakes.Models", "Earthquakes.Models\Earthquakes.Models.csproj", "{B303F7FC-D15E-48B9-8980-C39EC13BDA78}"
EndProject
Project("{FAE04EC0-301F-11D3-BF4B-00C04F79EFBC}") = "Earthquakes.Services", "Earthquakes.Services\Earthquakes.Services.csproj", "{0D6E55EA-4CE9-4A44-B9F3-DB4F91D20E1C}"
EndProject
Project("{FAE04EC0-301F-11D3-BF4B-00C04F79EFBC}") = "Earthquakes.Services.Abstract", "Earthquakes.Services.Abstract\Earthquakes.Services.Abstract.csproj", "{383AA85D-2C08-44D1-963B-6E8B800884B4}"
EndProject
Global
	GlobalSection(SolutionConfigurationPlatforms) = preSolution
		Debug|Any CPU = Debug|Any CPU
		Release|Any CPU = Release|Any CPU
	EndGlobalSection
	GlobalSection(ProjectConfigurationPlatforms) = postSolution
		{B4C03FD2-F757-44CC-AD09-D7171B611EAD}.Debug|Any CPU.ActiveCfg = Debug|Any CPU
		{B4C03FD2-F757-44CC-AD09-D7171B611EAD}.Debug|Any CPU.Build.0 = Debug|Any CPU
		{B4C03FD2-F757-44CC-AD09-D7171B611EAD}.Release|Any CPU.ActiveCfg = Release|Any CPU
		{B4C03FD2-F757-44CC-AD09-D7171B611EAD}.Release|Any CPU.Build.0 = Release|Any CPU
		{B303F7FC-D15E-48B9-8980-C39EC13BDA78}.Debug|Any CPU.ActiveCfg = Debug|Any CPU
		{B303F7FC-D15E-48B9-8980-C39EC13BDA78}.Debug|Any CPU.Build.0 = Debug|Any CPU
		{B303F7FC-D15E-48B9-8980-C39EC13BDA78}.Release|Any CPU.ActiveCfg = Release|Any CPU
		{B303F7FC-D15E-48B9-8980-C39EC13BDA78}.Release|Any CPU.Build.0 = Release|Any CPU
		{0D6E55EA-4CE9-4A44-B9F3-DB4F91D20E1C}.Debug|Any CPU.ActiveCfg = Debug|Any CPU
		{0D6E55EA-4CE9-4A44-B9F3-DB4F91D20E1C}.Debug|Any CPU.Build.0 = Debug|Any CPU
		{0D6E55EA-4CE9-4A44-B9F3-DB4F91D20E1C}.Release|Any CPU.ActiveCfg = Release|Any CPU
		{0D6E55EA-4CE9-4A44-B9F3-DB4F91D20E1C}.Release|Any CPU.Build.0 = Release|Any CPU
		{383AA85D-2C08-44D1-963B-6E8B800884B4}.Debug|Any CPU.ActiveCfg = Debug|Any CPU
		{383AA85D-2C08-44D1-963B-6E8B800884B4}.Debug|Any CPU.Build.0 = Debug|Any CPU
		{383AA85D-2C08-44D1-963B-6E8B800884B4}.Release|Any CPU.ActiveCfg = Release|Any CPU
		{383AA85D-2C08-44D1-963B-6E8B800884B4}.Release|Any CPU.Build.0 = Release|Any CPU
	EndGlobalSection
	GlobalSection(SolutionProperties) = preSolution
		HideSolutionNode = FALSE
	EndGlobalSection
	GlobalSection(ExtensibilityGlobals) = postSolution
		SolutionGuid = {C2AA16F8-6A60-4A1B-B3E3-DC23DFAB03D6}
	EndGlobalSection
EndGlobal
